
Microsoft Visual Studio Solution File, Format Version 12.00
# Visual Studio Version 16
VisualStudioVersion = 16.0.810.21
MinimumVisualStudioVersion = 10.0.40219.1
Project("{FAE04EC0-301F-11D3-BF4B-00C04F79EFBC}") = "Book-Tracking-Application-App", "Book-Tracking-Application-App\Book-Tracking-Application-App.csproj", "{827ACB50-F9A7-46C7-A2A2-9AED11074662}"
EndProject
Project("{FAE04EC0-301F-11D3-BF4B-00C04F79EFBC}") = "Book-Tracking-Application-Context", "Book-Tracking-Application-Context\Book-Tracking-Application-Context.csproj", "{E773FF6F-EF3C-45CC-AE39-7D8B1D5FDB48}"
EndProject
Project("{FAE04EC0-301F-11D3-BF4B-00C04F79EFBC}") = "Book-Tracking-Application-Models", "Book-Tracking-Application-Models\Book-Tracking-Application-Models.csproj", "{5918BBCB-32F3-4ABF-8D6B-877AE6932249}"
EndProject
Project("{FAE04EC0-301F-11D3-BF4B-00C04F79EFBC}") = "Book-Tracking-Application-Migration", "Book-Tracking-Application-Migration\Book-Tracking-Application-Migration.csproj", "{D5ED6CFE-4D13-4AE0-8EF9-5914C91B32A8}"
EndProject
Global
	GlobalSection(SolutionConfigurationPlatforms) = preSolution
		Debug|Any CPU = Debug|Any CPU
		Release|Any CPU = Release|Any CPU
	EndGlobalSection
	GlobalSection(ProjectConfigurationPlatforms) = postSolution
		{827ACB50-F9A7-46C7-A2A2-9AED11074662}.Debug|Any CPU.ActiveCfg = Debug|Any CPU
		{827ACB50-F9A7-46C7-A2A2-9AED11074662}.Debug|Any CPU.Build.0 = Debug|Any CPU
		{827ACB50-F9A7-46C7-A2A2-9AED11074662}.Release|Any CPU.ActiveCfg = Release|Any CPU
		{827ACB50-F9A7-46C7-A2A2-9AED11074662}.Release|Any CPU.Build.0 = Release|Any CPU
		{E773FF6F-EF3C-45CC-AE39-7D8B1D5FDB48}.Debug|Any CPU.ActiveCfg = Debug|Any CPU
		{E773FF6F-EF3C-45CC-AE39-7D8B1D5FDB48}.Debug|Any CPU.Build.0 = Debug|Any CPU
		{E773FF6F-EF3C-45CC-AE39-7D8B1D5FDB48}.Release|Any CPU.ActiveCfg = Release|Any CPU
		{E773FF6F-EF3C-45CC-AE39-7D8B1D5FDB48}.Release|Any CPU.Build.0 = Release|Any CPU
		{5918BBCB-32F3-4ABF-8D6B-877AE6932249}.Debug|Any CPU.ActiveCfg = Debug|Any CPU
		{5918BBCB-32F3-4ABF-8D6B-877AE6932249}.Debug|Any CPU.Build.0 = Debug|Any CPU
		{5918BBCB-32F3-4ABF-8D6B-877AE6932249}.Release|Any CPU.ActiveCfg = Release|Any CPU
		{5918BBCB-32F3-4ABF-8D6B-877AE6932249}.Release|Any CPU.Build.0 = Release|Any CPU
		{D5ED6CFE-4D13-4AE0-8EF9-5914C91B32A8}.Debug|Any CPU.ActiveCfg = Debug|Any CPU
		{D5ED6CFE-4D13-4AE0-8EF9-5914C91B32A8}.Debug|Any CPU.Build.0 = Debug|Any CPU
		{D5ED6CFE-4D13-4AE0-8EF9-5914C91B32A8}.Release|Any CPU.ActiveCfg = Release|Any CPU
		{D5ED6CFE-4D13-4AE0-8EF9-5914C91B32A8}.Release|Any CPU.Build.0 = Release|Any CPU
	EndGlobalSection
	GlobalSection(SolutionProperties) = preSolution
		HideSolutionNode = FALSE
	EndGlobalSection
	GlobalSection(ExtensibilityGlobals) = postSolution
		SolutionGuid = {200F11E4-A8B3-4CA7-BBB9-29E427097A94}
	EndGlobalSection
EndGlobal
